
Microsoft Visual Studio Solution File, Format Version 12.00
# Visual Studio Version 16
VisualStudioVersion = 16.0.808.4
MinimumVisualStudioVersion = 10.0.40219.1
Project("{FAE04EC0-301F-11D3-BF4B-00C04F79EFBC}") = "GCMonogame", "GCMonogame.csproj", "{23C799FE-ED5D-45C4-B6D2-D9929C702529}"
EndProject
Global
	GlobalSection(SolutionConfigurationPlatforms) = preSolution
		Debug|Any CPU = Debug|Any CPU
		Release|Any CPU = Release|Any CPU
	EndGlobalSection
	GlobalSection(ProjectConfigurationPlatforms) = postSolution
		{23C799FE-ED5D-45C4-B6D2-D9929C702529}.Debug|Any CPU.ActiveCfg = Debug|Any CPU
		{23C799FE-ED5D-45C4-B6D2-D9929C702529}.Debug|Any CPU.Build.0 = Debug|Any CPU
		{23C799FE-ED5D-45C4-B6D2-D9929C702529}.Release|Any CPU.ActiveCfg = Release|Any CPU
		{23C799FE-ED5D-45C4-B6D2-D9929C702529}.Release|Any CPU.Build.0 = Release|Any CPU
	EndGlobalSection
	GlobalSection(SolutionProperties) = preSolution
		HideSolutionNode = FALSE
	EndGlobalSection
	GlobalSection(ExtensibilityGlobals) = postSolution
		SolutionGuid = {6FD426D1-8907-491D-B54B-4A1CD18418A7}
	EndGlobalSection
EndGlobal
